
Microsoft Visual Studio Solution File, Format Version 12.00
Project("{FAE04EC0-301F-11D3-BF4B-00C04F79EFBC}") = "VocaBank.API", "VocaBank.API\VocaBank.API.csproj", "{C372493E-9184-4B22-B704-C9F6514FDEAD}"
EndProject
Global
	GlobalSection(SolutionConfigurationPlatforms) = preSolution
		Debug|Any CPU = Debug|Any CPU
		Release|Any CPU = Release|Any CPU
	EndGlobalSection
	GlobalSection(ProjectConfigurationPlatforms) = postSolution
		{C372493E-9184-4B22-B704-C9F6514FDEAD}.Debug|Any CPU.ActiveCfg = Debug|Any CPU
		{C372493E-9184-4B22-B704-C9F6514FDEAD}.Debug|Any CPU.Build.0 = Debug|Any CPU
		{C372493E-9184-4B22-B704-C9F6514FDEAD}.Release|Any CPU.ActiveCfg = Release|Any CPU
		{C372493E-9184-4B22-B704-C9F6514FDEAD}.Release|Any CPU.Build.0 = Release|Any CPU
	EndGlobalSection
EndGlobal
